Microsoft Visual Studio Solution File, Format Version 10.00
# Visual C++ Express 2008
Project("{420584BF-0C47-0FB8-B0D8-3E8C38AA3774}") = "LuaBridgeUnitTests", "LuaBridgeUnitTests.vcproj", "{8547B78E-5618-FB59-A710-C3364487D3AF}"
EndProject
Global
	GlobalSection(SolutionConfigurationPlatforms) = preSolution
		Debug|Win32 = Debug|Win32
		Release|Win32 = Release|Win32
	EndGlobalSection
	GlobalSection(ProjectConfigurationPlatforms) = postSolution
		{8547B78E-5618-FB59-A710-C3364487D3AF}.Debug|Win32.ActiveCfg = Debug|Win32
		{8547B78E-5618-FB59-A710-C3364487D3AF}.Debug|Win32.Build.0 = Debug|Win32
		{8547B78E-5618-FB59-A710-C3364487D3AF}.Release|Win32.ActiveCfg = Release|Win32
		{8547B78E-5618-FB59-A710-C3364487D3AF}.Release|Win32.Build.0 = Release|Win32
	EndGlobalSection
	GlobalSection(SolutionProperties) = preSolution
		HideSolutionNode = FALSE
	EndGlobalSection
EndGlobal
